
Microsoft Visual Studio Solution File, Format Version 12.00
# Visual Studio 15
VisualStudioVersion = 15.0.27703.2035
MinimumVisualStudioVersion = 10.0.40219.1
Project("{9A19103F-16F7-4668-BE54-9A1E7A4F7556}") = "Vprc.Infrastructure.Transport", "Vprc.Infrastructure.Transport\Vprc.Infrastructure.Transport.csproj", "{099C3462-E1BE-4C89-9853-081AAE2D228F}"
EndProject
Project("{FAE04EC0-301F-11D3-BF4B-00C04F79EFBC}") = "Infrastructure.Transport.Interfaces", "Infrastructure.Transport.Interfaces\Infrastructure.Transport.Interfaces.csproj", "{19DEA1B0-0460-4B57-9D75-7C5055D03160}"
EndProject
Global
	GlobalSection(SolutionConfigurationPlatforms) = preSolution
		Debug|Any CPU = Debug|Any CPU
		Release|Any CPU = Release|Any CPU
	EndGlobalSection
	GlobalSection(ProjectConfigurationPlatforms) = postSolution
		{099C3462-E1BE-4C89-9853-081AAE2D228F}.Debug|Any CPU.ActiveCfg = Debug|Any CPU
		{099C3462-E1BE-4C89-9853-081AAE2D228F}.Debug|Any CPU.Build.0 = Debug|Any CPU
		{099C3462-E1BE-4C89-9853-081AAE2D228F}.Release|Any CPU.ActiveCfg = Release|Any CPU
		{099C3462-E1BE-4C89-9853-081AAE2D228F}.Release|Any CPU.Build.0 = Release|Any CPU
		{19DEA1B0-0460-4B57-9D75-7C5055D03160}.Debug|Any CPU.ActiveCfg = Debug|Any CPU
		{19DEA1B0-0460-4B57-9D75-7C5055D03160}.Debug|Any CPU.Build.0 = Debug|Any CPU
		{19DEA1B0-0460-4B57-9D75-7C5055D03160}.Release|Any CPU.ActiveCfg = Release|Any CPU
		{19DEA1B0-0460-4B57-9D75-7C5055D03160}.Release|Any CPU.Build.0 = Release|Any CPU
	EndGlobalSection
	GlobalSection(SolutionProperties) = preSolution
		HideSolutionNode = FALSE
	EndGlobalSection
	GlobalSection(ExtensibilityGlobals) = postSolution
		SolutionGuid = {1DBEEF1A-7928-45B0-B70C-CF1578806362}
	EndGlobalSection
EndGlobal
