
Microsoft Visual Studio Solution File, Format Version 12.00
# Visual Studio 15
VisualStudioVersion = 15.0.27703.2035
MinimumVisualStudioVersion = 10.0.40219.1
Project("{FAE04EC0-301F-11D3-BF4B-00C04F79EFBC}") = "Infrastructure.Transport.Interfaces", "Infrastructure.Transport.Interfaces\Infrastructure.Transport.Interfaces.csproj", "{19DEA1B0-0460-4B57-9D75-7C5055D03160}"
EndProject
Project("{FAE04EC0-301F-11D3-BF4B-00C04F79EFBC}") = "Infrastructure.Transport.RabbitMQ", "Infrastructure.Transport.RabbitMQ\Infrastructure.Transport.RabbitMQ.csproj", "{76731C7C-E439-47C3-BF66-D3A312EAD274}"
EndProject
Project("{FAE04EC0-301F-11D3-BF4B-00C04F79EFBC}") = "Infrastructure.Transport.RabbitMQ.DependencyInjection", "Infrastructure.Transport.RabbitMQ.DependencyInjection\Infrastructure.Transport.RabbitMQ.DependencyInjection.csproj", "{1C1119E6-A845-4EEA-AF74-6D16CAFCBF11}"
EndProject
Project("{FAE04EC0-301F-11D3-BF4B-00C04F79EFBC}") = "Infrastructure.Transport.RabbitMQ.Sample.Host", "Infrastructure.Transport.RabbitMQ.Sample.Host\Infrastructure.Transport.RabbitMQ.Sample.Host.csproj", "{3176D3F5-3C2B-41D6-99C7-C4566090BAC2}"
EndProject
Global
	GlobalSection(SolutionConfigurationPlatforms) = preSolution
		Debug|Any CPU = Debug|Any CPU
		Release|Any CPU = Release|Any CPU
	EndGlobalSection
	GlobalSection(ProjectConfigurationPlatforms) = postSolution
		{19DEA1B0-0460-4B57-9D75-7C5055D03160}.Debug|Any CPU.ActiveCfg = Debug|Any CPU
		{19DEA1B0-0460-4B57-9D75-7C5055D03160}.Debug|Any CPU.Build.0 = Debug|Any CPU
		{19DEA1B0-0460-4B57-9D75-7C5055D03160}.Release|Any CPU.ActiveCfg = Release|Any CPU
		{19DEA1B0-0460-4B57-9D75-7C5055D03160}.Release|Any CPU.Build.0 = Release|Any CPU
		{76731C7C-E439-47C3-BF66-D3A312EAD274}.Debug|Any CPU.ActiveCfg = Debug|Any CPU
		{76731C7C-E439-47C3-BF66-D3A312EAD274}.Debug|Any CPU.Build.0 = Debug|Any CPU
		{76731C7C-E439-47C3-BF66-D3A312EAD274}.Release|Any CPU.ActiveCfg = Release|Any CPU
		{76731C7C-E439-47C3-BF66-D3A312EAD274}.Release|Any CPU.Build.0 = Release|Any CPU
		{1C1119E6-A845-4EEA-AF74-6D16CAFCBF11}.Debug|Any CPU.ActiveCfg = Debug|Any CPU
		{1C1119E6-A845-4EEA-AF74-6D16CAFCBF11}.Debug|Any CPU.Build.0 = Debug|Any CPU
		{1C1119E6-A845-4EEA-AF74-6D16CAFCBF11}.Release|Any CPU.ActiveCfg = Release|Any CPU
		{1C1119E6-A845-4EEA-AF74-6D16CAFCBF11}.Release|Any CPU.Build.0 = Release|Any CPU
		{3176D3F5-3C2B-41D6-99C7-C4566090BAC2}.Debug|Any CPU.ActiveCfg = Debug|Any CPU
		{3176D3F5-3C2B-41D6-99C7-C4566090BAC2}.Debug|Any CPU.Build.0 = Debug|Any CPU
		{3176D3F5-3C2B-41D6-99C7-C4566090BAC2}.Release|Any CPU.ActiveCfg = Release|Any CPU
		{3176D3F5-3C2B-41D6-99C7-C4566090BAC2}.Release|Any CPU.Build.0 = Release|Any CPU
	EndGlobalSection
	GlobalSection(SolutionProperties) = preSolution
		HideSolutionNode = FALSE
	EndGlobalSection
	GlobalSection(ExtensibilityGlobals) = postSolution
		SolutionGuid = {1DBEEF1A-7928-45B0-B70C-CF1578806362}
	EndGlobalSection
EndGlobal
